// !$*UTF8*$!
{
	archiveVersion = 1;
	classes = {
	};
	objectVersion = 46;
	objects = {

/* Begin PBXBuildFile section */
		0940FB2E1DE1A79B009F1DE5 /* IBMRootViewController.m in Sources */ = {isa = PBXBuildFile; fileRef = 0940FB2D1DE1A79B009F1DE5 /* IBMRootViewController.m */; };
		0940FB341DE1AA46009F1DE5 /* TabBar.m in Sources */ = {isa = PBXBuildFile; fileRef = 0940FB331DE1AA46009F1DE5 /* TabBar.m */; };
		0940FB351DE1AA46009F1DE5 /* TabBar.m in Sources */ = {isa = PBXBuildFile; fileRef = 0940FB331DE1AA46009F1DE5 /* TabBar.m */; };
		0940FB381DE1AA77009F1DE5 /* TabBarItem.m in Sources */ = {isa = PBXBuildFile; fileRef = 0940FB371DE1AA77009F1DE5 /* TabBarItem.m */; };
		0940FB391DE1AA77009F1DE5 /* TabBarItem.m in Sources */ = {isa = PBXBuildFile; fileRef = 0940FB371DE1AA77009F1DE5 /* TabBarItem.m */; };
		0940FB3C1DE1AB97009F1DE5 /* BadgeView.m in Sources */ = {isa = PBXBuildFile; fileRef = 0940FB3B1DE1AB97009F1DE5 /* BadgeView.m */; };
		0940FB3D1DE1AB97009F1DE5 /* BadgeView.m in Sources */ = {isa = PBXBuildFile; fileRef = 0940FB3B1DE1AB97009F1DE5 /* BadgeView.m */; };
		0940FB401DE1B9A4009F1DE5 /* UIView+Additions.m in Sources */ = {isa = PBXBuildFile; fileRef = 0940FB3F1DE1B9A4009F1DE5 /* UIView+Additions.m */; };
		0940FB411DE1B9A4009F1DE5 /* UIView+Additions.m in Sources */ = {isa = PBXBuildFile; fileRef = 0940FB3F1DE1B9A4009F1DE5 /* UIView+Additions.m */; };
		0945B12B1DE331240050782C /* BaseNavigationController.m in Sources */ = {isa = PBXBuildFile; fileRef = 0945B12A1DE331240050782C /* BaseNavigationController.m */; };
		0946D3721E59F58300E4943E /* ANError.m in Sources */ = {isa = PBXBuildFile; fileRef = 0946D36A1E59F58300E4943E /* ANError.m */; };
		0946D3731E59F58300E4943E /* ANManager.m in Sources */ = {isa = PBXBuildFile; fileRef = 0946D36C1E59F58300E4943E /* ANManager.m */; };
		0946D3741E59F58300E4943E /* ANRequest.m in Sources */ = {isa = PBXBuildFile; fileRef = 0946D36F1E59F58300E4943E /* ANRequest.m */; };
		0946D3751E59F58300E4943E /* ANResponse.m in Sources */ = {isa = PBXBuildFile; fileRef = 0946D3711E59F58300E4943E /* ANResponse.m */; };
		0946D3791E59F5A900E4943E /* IBSDWebImagePlugin.m in Sources */ = {isa = PBXBuildFile; fileRef = 0946D3781E59F5A900E4943E /* IBSDWebImagePlugin.m */; };
		09C54FC11DCD8FAA00DECD18 /* UIViewController+Additions.m in Sources */ = {isa = PBXBuildFile; fileRef = 09C54FC01DCD8FAA00DECD18 /* UIViewController+Additions.m */; };
		09C54FC21DCD8FAA00DECD18 /* UIViewController+Additions.m in Sources */ = {isa = PBXBuildFile; fileRef = 09C54FC01DCD8FAA00DECD18 /* UIViewController+Additions.m */; };
		09EB7FCC1DCE09320094EC2B /* BBaseViewControllers.m in Sources */ = {isa = PBXBuildFile; fileRef = 09EB7FCB1DCE09320094EC2B /* BBaseViewControllers.m */; };
		09EB7FCD1DCE09320094EC2B /* BBaseViewControllers.m in Sources */ = {isa = PBXBuildFile; fileRef = 09EB7FCB1DCE09320094EC2B /* BBaseViewControllers.m */; };
		09EB7FD71DCE0ED60094EC2B /* IBMHomeViewController1.m in Sources */ = {isa = PBXBuildFile; fileRef = 09EB7FD61DCE0ED60094EC2B /* IBMHomeViewController1.m */; };
		09EB7FD81DCE0ED60094EC2B /* IBMHomeViewController1.m in Sources */ = {isa = PBXBuildFile; fileRef = 09EB7FD61DCE0ED60094EC2B /* IBMHomeViewController1.m */; };
		09EB7FDB1DCE0F270094EC2B /* IBMHomeViewController.m in Sources */ = {isa = PBXBuildFile; fileRef = 09EB7FDA1DCE0F270094EC2B /* IBMHomeViewController.m */; };
		09EB7FDC1DCE0F270094EC2B /* IBMHomeViewController.m in Sources */ = {isa = PBXBuildFile; fileRef = 09EB7FDA1DCE0F270094EC2B /* IBMHomeViewController.m */; };
		09EB7FDF1DCE0F970094EC2B /* IBMBaseController.m in Sources */ = {isa = PBXBuildFile; fileRef = 09EB7FDE1DCE0F970094EC2B /* IBMBaseController.m */; };
		09EB7FE01DCE0F970094EC2B /* IBMBaseController.m in Sources */ = {isa = PBXBuildFile; fileRef = 09EB7FDE1DCE0F970094EC2B /* IBMBaseController.m */; };
		4A0782FC1D44BF50007A2E64 /* IBMStringUtils.m in Sources */ = {isa = PBXBuildFile; fileRef = 4A0782FB1D44BF50007A2E64 /* IBMStringUtils.m */; };
		4A3BBE871C958B2D000A349C /* IBMUserViewController.m in Sources */ = {isa = PBXBuildFile; fileRef = 4A3BBE851C958B2D000A349C /* IBMUserViewController.m */; };
		4A3BBE881C958B2D000A349C /* IBMUserViewController.xib in Resources */ = {isa = PBXBuildFile; fileRef = 4A3BBE861C958B2D000A349C /* IBMUserViewController.xib */; };
		4A3BBE901C95A21A000A349C /* Constants.m in Sources */ = {isa = PBXBuildFile; fileRef = 4A3BBE8F1C95A21A000A349C /* Constants.m */; };
		4A9ED4B71A5281FB00FD06DD /* main.m in Sources */ = {isa = PBXBuildFile; fileRef = 4A9ED4B61A5281FB00FD06DD /* main.m */; };
		4A9ED4BA1A5281FB00FD06DD /* AppDelegate.m in Sources */ = {isa = PBXBuildFile; fileRef = 4A9ED4B91A5281FB00FD06DD /* AppDelegate.m */; };
		4A9ED4C01A5281FB00FD06DD /* Main.storyboard in Resources */ = {isa = PBXBuildFile; fileRef = 4A9ED4BE1A5281FB00FD06DD /* Main.storyboard */; };
		4A9ED4C21A5281FB00FD06DD /* Images.xcassets in Resources */ = {isa = PBXBuildFile; fileRef = 4A9ED4C11A5281FB00FD06DD /* Images.xcassets */; };
		4A9ED4C51A5281FB00FD06DD /* LaunchScreen.xib in Resources */ = {isa = PBXBuildFile; fileRef = 4A9ED4C31A5281FB00FD06DD /* LaunchScreen.xib */; };
		4A9ED4D11A5281FB00FD06DD /* AttributorTests.m in Sources */ = {isa = PBXBuildFile; fileRef = 4A9ED4D01A5281FB00FD06DD /* AttributorTests.m */; };
		4AAEAB251D44C411009CBD0A /* LKDBHelper.m in Sources */ = {isa = PBXBuildFile; fileRef = 4AAEAB241D44C411009CBD0A /* LKDBHelper.m */; };
		4AAEAB281D44C630009CBD0A /* IBMModel.m in Sources */ = {isa = PBXBuildFile; fileRef = 4AAEAB271D44C630009CBD0A /* IBMModel.m */; };
		4AAEAB2B1D450F99009CBD0A /* LKDBTranscationHelper.m in Sources */ = {isa = PBXBuildFile; fileRef = 4AAEAB2A1D450F99009CBD0A /* LKDBTranscationHelper.m */; };
		4AAEAB2E1D450FDE009CBD0A /* IBMModel+LKDBTranscationHelper.m in Sources */ = {isa = PBXBuildFile; fileRef = 4AAEAB2D1D450FDE009CBD0A /* IBMModel+LKDBTranscationHelper.m */; };
		4AAEAB311D45107D009CBD0A /* IBMModel+LKModel.m in Sources */ = {isa = PBXBuildFile; fileRef = 4AAEAB301D45107D009CBD0A /* IBMModel+LKModel.m */; };
		4AAEAB341D4510EA009CBD0A /* LKDB+Mapping.m in Sources */ = {isa = PBXBuildFile; fileRef = 4AAEAB331D4510EA009CBD0A /* LKDB+Mapping.m */; };
		4AAEAB371D451166009CBD0A /* LKDBUtils.m in Sources */ = {isa = PBXBuildFile; fileRef = 4AAEAB361D451166009CBD0A /* LKDBUtils.m */; };
		4AAEAB3D1D451740009CBD0A /* libstdc++.6.tbd in Frameworks */ = {isa = PBXBuildFile; fileRef = 4AAEAB3C1D451740009CBD0A /* libstdc++.6.tbd */; };
		4AAEAB3F1D45185B009CBD0A /* libz.tbd in Frameworks */ = {isa = PBXBuildFile; fileRef = 4AAEAB3E1D45185B009CBD0A /* libz.tbd */; };
		4AAEAB401D451897009CBD0A /* libsqlite3.tbd in Frameworks */ = {isa = PBXBuildFile; fileRef = 4AAEAB381D4512E3009CBD0A /* libsqlite3.tbd */; };
		4AD9A7401D4F7D7A0097899B /* FMDatabaseQueue+Database.m in Sources */ = {isa = PBXBuildFile; fileRef = 4AD9A73F1D4F7D7A0097899B /* FMDatabaseQueue+Database.m */; };
		E367FB90FA5BA99811DF2608 /* libPods-Attributor.a in Frameworks */ = {isa = PBXBuildFile; fileRef = FD880A8D5DBA73A85C4C57FE /* libPods-Attributor.a */; };
/* End PBXBuildFile section */

/* Begin PBXContainerItemProxy section */
		4A9ED4CB1A5281FB00FD06DD /* PBXContainerItemProxy */ = {
			isa = PBXContainerItemProxy;
			containerPortal = 4A9ED4A91A5281FB00FD06DD /* Project object */;
			proxyType = 1;
			remoteGlobalIDString = 4A9ED4B01A5281FB00FD06DD;
			remoteInfo = Attributor;
		};
/* End PBXContainerItemProxy section */

/* Begin PBXFileReference section */
		0940FB2C1DE1A79B009F1DE5 /* IBMRootViewController.h */ = {isa = PBXFileReference; fileEncoding = 4; lastKnownFileType = sourcecode.c.h; path = IBMRootViewController.h; sourceTree = "<group>"; };
		0940FB2D1DE1A79B009F1DE5 /* IBMRootViewController.m */ = {isa = PBXFileReference; fileEncoding = 4; lastKnownFileType = sourcecode.c.objc; path = IBMRootViewController.m; sourceTree = "<group>"; };
		0940FB321DE1AA46009F1DE5 /* TabBar.h */ = {isa = PBXFileReference; fileEncoding = 4; lastKnownFileType = sourcecode.c.h; path = TabBar.h; sourceTree = "<group>"; };
		0940FB331DE1AA46009F1DE5 /* TabBar.m */ = {isa = PBXFileReference; fileEncoding = 4; lastKnownFileType = sourcecode.c.objc; path = TabBar.m; sourceTree = "<group>"; };
		0940FB361DE1AA77009F1DE5 /* TabBarItem.h */ = {isa = PBXFileReference; fileEncoding = 4; lastKnownFileType = sourcecode.c.h; path = TabBarItem.h; sourceTree = "<group>"; };
		0940FB371DE1AA77009F1DE5 /* TabBarItem.m */ = {isa = PBXFileReference; fileEncoding = 4; lastKnownFileType = sourcecode.c.objc; path = TabBarItem.m; sourceTree = "<group>"; };
		0940FB3A1DE1AB97009F1DE5 /* BadgeView.h */ = {isa = PBXFileReference; fileEncoding = 4; lastKnownFileType = sourcecode.c.h; path = BadgeView.h; sourceTree = "<group>"; };
		0940FB3B1DE1AB97009F1DE5 /* BadgeView.m */ = {isa = PBXFileReference; fileEncoding = 4; lastKnownFileType = sourcecode.c.objc; path = BadgeView.m; sourceTree = "<group>"; };
		0940FB3E1DE1B9A4009F1DE5 /* UIView+Additions.h */ = {isa = PBXFileReference; fileEncoding = 4; lastKnownFileType = sourcecode.c.h; path = "UIView+Additions.h"; sourceTree = "<group>"; };
		0940FB3F1DE1B9A4009F1DE5 /* UIView+Additions.m */ = {isa = PBXFileReference; fileEncoding = 4; lastKnownFileType = sourcecode.c.objc; path = "UIView+Additions.m"; sourceTree = "<group>"; };
		0945B1291DE331240050782C /* BaseNavigationController.h */ = {isa = PBXFileReference; fileEncoding = 4; lastKnownFileType = sourcecode.c.h; path = BaseNavigationController.h; sourceTree = "<group>"; };
		0945B12A1DE331240050782C /* BaseNavigationController.m */ = {isa = PBXFileReference; fileEncoding = 4; lastKnownFileType = sourcecode.c.objc; path = BaseNavigationController.m; sourceTree = "<group>"; };
		0946D3671E59F57300E4943E /* AnyNetwork.h */ = {isa = PBXFileReference; fileEncoding = 4; lastKnownFileType = sourcecode.c.h; path = AnyNetwork.h; sourceTree = "<group>"; };
		0946D3681E59F58300E4943E /* ANConst.h */ = {isa = PBXFileReference; fileEncoding = 4; lastKnownFileType = sourcecode.c.h; path = ANConst.h; sourceTree = "<group>"; };
		0946D3691E59F58300E4943E /* ANError.h */ = {isa = PBXFileReference; fileEncoding = 4; lastKnownFileType = sourcecode.c.h; path = ANError.h; sourceTree = "<group>"; };
		0946D36A1E59F58300E4943E /* ANError.m */ = {isa = PBXFileReference; fileEncoding = 4; lastKnownFileType = sourcecode.c.objc; path = ANError.m; sourceTree = "<group>"; };
		0946D36B1E59F58300E4943E /* ANManager.h */ = {isa = PBXFileReference; fileEncoding = 4; lastKnownFileType = sourcecode.c.h; path = ANManager.h; sourceTree = "<group>"; };
		0946D36C1E59F58300E4943E /* ANManager.m */ = {isa = PBXFileReference; fileEncoding = 4; lastKnownFileType = sourcecode.c.objc; path = ANManager.m; sourceTree = "<group>"; };
		0946D36D1E59F58300E4943E /* ANProtocol.h */ = {isa = PBXFileReference; fileEncoding = 4; lastKnownFileType = sourcecode.c.h; path = ANProtocol.h; sourceTree = "<group>"; };
		0946D36E1E59F58300E4943E /* ANRequest.h */ = {isa = PBXFileReference; fileEncoding = 4; lastKnownFileType = sourcecode.c.h; path = ANRequest.h; sourceTree = "<group>"; };
		0946D36F1E59F58300E4943E /* ANRequest.m */ = {isa = PBXFileReference; fileEncoding = 4; lastKnownFileType = sourcecode.c.objc; path = ANRequest.m; sourceTree = "<group>"; };
		0946D3701E59F58300E4943E /* ANResponse.h */ = {isa = PBXFileReference; fileEncoding = 4; lastKnownFileType = sourcecode.c.h; path = ANResponse.h; sourceTree = "<group>"; };
		0946D3711E59F58300E4943E /* ANResponse.m */ = {isa = PBXFileReference; fileEncoding = 4; lastKnownFileType = sourcecode.c.objc; path = ANResponse.m; sourceTree = "<group>"; };
		0946D3771E59F5A900E4943E /* IBSDWebImagePlugin.h */ = {isa = PBXFileReference; fileEncoding = 4; lastKnownFileType = sourcecode.c.h; path = IBSDWebImagePlugin.h; sourceTree = "<group>"; };
		0946D3781E59F5A900E4943E /* IBSDWebImagePlugin.m */ = {isa = PBXFileReference; fileEncoding = 4; lastKnownFileType = sourcecode.c.objc; path = IBSDWebImagePlugin.m; sourceTree = "<group>"; };
		0964CBBE1DE5DBA700427436 /* AppMacros.h */ = {isa = PBXFileReference; fileEncoding = 4; lastKnownFileType = sourcecode.c.h; path = AppMacros.h; sourceTree = "<group>"; };
		09C54FBF1DCD8FAA00DECD18 /* UIViewController+Additions.h */ = {isa = PBXFileReference; fileEncoding = 4; lastKnownFileType = sourcecode.c.h; path = "UIViewController+Additions.h"; sourceTree = "<group>"; };
		09C54FC01DCD8FAA00DECD18 /* UIViewController+Additions.m */ = {isa = PBXFileReference; fileEncoding = 4; lastKnownFileType = sourcecode.c.objc; path = "UIViewController+Additions.m"; sourceTree = "<group>"; };
		09EB7FCA1DCE09320094EC2B /* BBaseViewControllers.h */ = {isa = PBXFileReference; fileEncoding = 4; lastKnownFileType = sourcecode.c.h; path = BBaseViewControllers.h; sourceTree = "<group>"; };
		09EB7FCB1DCE09320094EC2B /* BBaseViewControllers.m */ = {isa = PBXFileReference; fileEncoding = 4; lastKnownFileType = sourcecode.c.objc; path = BBaseViewControllers.m; sourceTree = "<group>"; };
		09EB7FCE1DCE09720094EC2B /* BViewControllerProtocol.h */ = {isa = PBXFileReference; fileEncoding = 4; lastKnownFileType = sourcecode.c.h; path = BViewControllerProtocol.h; sourceTree = "<group>"; };
		09EB7FD51DCE0ED60094EC2B /* IBMHomeViewController1.h */ = {isa = PBXFileReference; fileEncoding = 4; lastKnownFileType = sourcecode.c.h; path = IBMHomeViewController1.h; sourceTree = "<group>"; };
		09EB7FD61DCE0ED60094EC2B /* IBMHomeViewController1.m */ = {isa = PBXFileReference; fileEncoding = 4; lastKnownFileType = sourcecode.c.objc; path = IBMHomeViewController1.m; sourceTree = "<group>"; };
		09EB7FD91DCE0F270094EC2B /* IBMHomeViewController.h */ = {isa = PBXFileReference; fileEncoding = 4; lastKnownFileType = sourcecode.c.h; path = IBMHomeViewController.h; sourceTree = "<group>"; };
		09EB7FDA1DCE0F270094EC2B /* IBMHomeViewController.m */ = {isa = PBXFileReference; fileEncoding = 4; lastKnownFileType = sourcecode.c.objc; path = IBMHomeViewController.m; sourceTree = "<group>"; };
		09EB7FDD1DCE0F970094EC2B /* IBMBaseController.h */ = {isa = PBXFileReference; fileEncoding = 4; lastKnownFileType = sourcecode.c.h; path = IBMBaseController.h; sourceTree = "<group>"; };
		09EB7FDE1DCE0F970094EC2B /* IBMBaseController.m */ = {isa = PBXFileReference; fileEncoding = 4; lastKnownFileType = sourcecode.c.objc; path = IBMBaseController.m; sourceTree = "<group>"; };
		1CCCEA3C093AA1AEC066001E /* Pods-Attributor.release.xcconfig */ = {isa = PBXFileReference; includeInIndex = 1; lastKnownFileType = text.xcconfig; name = "Pods-Attributor.release.xcconfig"; path = "Pods/Target Support Files/Pods-Attributor/Pods-Attributor.release.xcconfig"; sourceTree = "<group>"; };
		4A0782FA1D44BF50007A2E64 /* IBMStringUtils.h */ = {isa = PBXFileReference; fileEncoding = 4; lastKnownFileType = sourcecode.c.h; path = IBMStringUtils.h; sourceTree = "<group>"; };
		4A0782FB1D44BF50007A2E64 /* IBMStringUtils.m */ = {isa = PBXFileReference; fileEncoding = 4; lastKnownFileType = sourcecode.c.objc; path = IBMStringUtils.m; sourceTree = "<group>"; };
		4A3BBE821C9584C4000A349C /* PrefixHeader.pch */ = {isa = PBXFileReference; lastKnownFileType = sourcecode.c.h; path = PrefixHeader.pch; sourceTree = "<group>"; };
		4A3BBE841C958B2D000A349C /* IBMUserViewController.h */ = {isa = PBXFileReference; fileEncoding = 4; lastKnownFileType = sourcecode.c.h; path = IBMUserViewController.h; sourceTree = "<group>"; };
		4A3BBE851C958B2D000A349C /* IBMUserViewController.m */ = {isa = PBXFileReference; fileEncoding = 4; lastKnownFileType = sourcecode.c.objc; path = IBMUserViewController.m; sourceTree = "<group>"; };
		4A3BBE861C958B2D000A349C /* IBMUserViewController.xib */ = {isa = PBXFileReference; fileEncoding = 4; lastKnownFileType = file.xib; path = IBMUserViewController.xib; sourceTree = "<group>"; };
		4A3BBE8E1C95A21A000A349C /* Constants.h */ = {isa = PBXFileReference; fileEncoding = 4; lastKnownFileType = sourcecode.c.h; path = Constants.h; sourceTree = "<group>"; };
		4A3BBE8F1C95A21A000A349C /* Constants.m */ = {isa = PBXFileReference; fileEncoding = 4; lastKnownFileType = sourcecode.c.objc; path = Constants.m; sourceTree = "<group>"; };
		4A9ED4B11A5281FB00FD06DD /* Attributor.app */ = {isa = PBXFileReference; explicitFileType = wrapper.application; includeInIndex = 0; path = Attributor.app; sourceTree = BUILT_PRODUCTS_DIR; };
		4A9ED4B51A5281FB00FD06DD /* Info.plist */ = {isa = PBXFileReference; lastKnownFileType = text.plist.xml; path = Info.plist; sourceTree = "<group>"; };
		4A9ED4B61A5281FB00FD06DD /* main.m */ = {isa = PBXFileReference; lastKnownFileType = sourcecode.c.objc; path = main.m; sourceTree = "<group>"; };
		4A9ED4B81A5281FB00FD06DD /* AppDelegate.h */ = {isa = PBXFileReference; lastKnownFileType = sourcecode.c.h; path = AppDelegate.h; sourceTree = "<group>"; };
		4A9ED4B91A5281FB00FD06DD /* AppDelegate.m */ = {isa = PBXFileReference; lastKnownFileType = sourcecode.c.objc; path = AppDelegate.m; sourceTree = "<group>"; };
		4A9ED4BF1A5281FB00FD06DD /* Base */ = {isa = PBXFileReference; lastKnownFileType = file.storyboard; name = Base; path = Base.lproj/Main.storyboard; sourceTree = "<group>"; };
		4A9ED4C11A5281FB00FD06DD /* Images.xcassets */ = {isa = PBXFileReference; lastKnownFileType = folder.assetcatalog; path = Images.xcassets; sourceTree = "<group>"; };
		4A9ED4C41A5281FB00FD06DD /* Base */ = {isa = PBXFileReference; lastKnownFileType = file.xib; name = Base; path = Base.lproj/LaunchScreen.xib; sourceTree = "<group>"; };
		4A9ED4CA1A5281FB00FD06DD /* AttributorTests.xctest */ = {isa = PBXFileReference; explicitFileType = wrapper.cfbundle; includeInIndex = 0; path = AttributorTests.xctest; sourceTree = BUILT_PRODUCTS_DIR; };
		4A9ED4CF1A5281FB00FD06DD /* Info.plist */ = {isa = PBXFileReference; lastKnownFileType = text.plist.xml; path = Info.plist; sourceTree = "<group>"; };
		4A9ED4D01A5281FB00FD06DD /* AttributorTests.m */ = {isa = PBXFileReference; lastKnownFileType = sourcecode.c.objc; path = AttributorTests.m; sourceTree = "<group>"; };
		4AAEAB231D44C411009CBD0A /* LKDBHelper.h */ = {isa = PBXFileReference; fileEncoding = 4; lastKnownFileType = sourcecode.c.h; path = LKDBHelper.h; sourceTree = "<group>"; };
		4AAEAB241D44C411009CBD0A /* LKDBHelper.m */ = {isa = PBXFileReference; fileEncoding = 4; lastKnownFileType = sourcecode.c.objc; path = LKDBHelper.m; sourceTree = "<group>"; };
		4AAEAB261D44C630009CBD0A /* IBMModel.h */ = {isa = PBXFileReference; fileEncoding = 4; lastKnownFileType = sourcecode.c.h; path = IBMModel.h; sourceTree = "<group>"; };
		4AAEAB271D44C630009CBD0A /* IBMModel.m */ = {isa = PBXFileReference; fileEncoding = 4; lastKnownFileType = sourcecode.c.objc; path = IBMModel.m; sourceTree = "<group>"; };
		4AAEAB291D450F99009CBD0A /* LKDBTranscationHelper.h */ = {isa = PBXFileReference; fileEncoding = 4; lastKnownFileType = sourcecode.c.h; path = LKDBTranscationHelper.h; sourceTree = "<group>"; };
		4AAEAB2A1D450F99009CBD0A /* LKDBTranscationHelper.m */ = {isa = PBXFileReference; fileEncoding = 4; lastKnownFileType = sourcecode.c.objc; path = LKDBTranscationHelper.m; sourceTree = "<group>"; };
		4AAEAB2C1D450FDE009CBD0A /* IBMModel+LKDBTranscationHelper.h */ = {isa = PBXFileReference; fileEncoding = 4; lastKnownFileType = sourcecode.c.h; path = "IBMModel+LKDBTranscationHelper.h"; sourceTree = "<group>"; };
		4AAEAB2D1D450FDE009CBD0A /* IBMModel+LKDBTranscationHelper.m */ = {isa = PBXFileReference; fileEncoding = 4; lastKnownFileType = sourcecode.c.objc; path = "IBMModel+LKDBTranscationHelper.m"; sourceTree = "<group>"; };
		4AAEAB2F1D45107D009CBD0A /* IBMModel+LKModel.h */ = {isa = PBXFileReference; fileEncoding = 4; lastKnownFileType = sourcecode.c.h; path = "IBMModel+LKModel.h"; sourceTree = "<group>"; };
		4AAEAB301D45107D009CBD0A /* IBMModel+LKModel.m */ = {isa = PBXFileReference; fileEncoding = 4; lastKnownFileType = sourcecode.c.objc; path = "IBMModel+LKModel.m"; sourceTree = "<group>"; };
		4AAEAB321D4510EA009CBD0A /* LKDB+Mapping.h */ = {isa = PBXFileReference; fileEncoding = 4; lastKnownFileType = sourcecode.c.h; path = "LKDB+Mapping.h"; sourceTree = "<group>"; };
		4AAEAB331D4510EA009CBD0A /* LKDB+Mapping.m */ = {isa = PBXFileReference; fileEncoding = 4; lastKnownFileType = sourcecode.c.objc; path = "LKDB+Mapping.m"; sourceTree = "<group>"; };
		4AAEAB351D451166009CBD0A /* LKDBUtils.h */ = {isa = PBXFileReference; fileEncoding = 4; lastKnownFileType = sourcecode.c.h; path = LKDBUtils.h; sourceTree = "<group>"; };
		4AAEAB361D451166009CBD0A /* LKDBUtils.m */ = {isa = PBXFileReference; fileEncoding = 4; lastKnownFileType = sourcecode.c.objc; path = LKDBUtils.m; sourceTree = "<group>"; };
		4AAEAB381D4512E3009CBD0A /* libsqlite3.tbd */ = {isa = PBXFileReference; lastKnownFileType = "sourcecode.text-based-dylib-definition"; name = libsqlite3.tbd; path = usr/lib/libsqlite3.tbd; sourceTree = SDKROOT; };
		4AAEAB3A1D451732009CBD0A /* libsqlite3.0.tbd */ = {isa = PBXFileReference; lastKnownFileType = "sourcecode.text-based-dylib-definition"; name = libsqlite3.0.tbd; path = usr/lib/libsqlite3.0.tbd; sourceTree = SDKROOT; };
		4AAEAB3C1D451740009CBD0A /* libstdc++.6.tbd */ = {isa = PBXFileReference; lastKnownFileType = "sourcecode.text-based-dylib-definition"; name = "libstdc++.6.tbd"; path = "usr/lib/libstdc++.6.tbd"; sourceTree = SDKROOT; };
		4AAEAB3E1D45185B009CBD0A /* libz.tbd */ = {isa = PBXFileReference; lastKnownFileType = "sourcecode.text-based-dylib-definition"; name = libz.tbd; path = usr/lib/libz.tbd; sourceTree = SDKROOT; };
		4AD9A73E1D4F7D7A0097899B /* FMDatabaseQueue+Database.h */ = {isa = PBXFileReference; fileEncoding = 4; lastKnownFileType = sourcecode.c.h; path = "FMDatabaseQueue+Database.h"; sourceTree = "<group>"; };
		4AD9A73F1D4F7D7A0097899B /* FMDatabaseQueue+Database.m */ = {isa = PBXFileReference; fileEncoding = 4; lastKnownFileType = sourcecode.c.objc; path = "FMDatabaseQueue+Database.m"; sourceTree = "<group>"; };
		A7277A4C87EC80A0EFB4443D /* Pods-Attributor.debug.xcconfig */ = {isa = PBXFileReference; includeInIndex = 1; lastKnownFileType = text.xcconfig; name = "Pods-Attributor.debug.xcconfig"; path = "Pods/Target Support Files/Pods-Attributor/Pods-Attributor.debug.xcconfig"; sourceTree = "<group>"; };
		FD880A8D5DBA73A85C4C57FE /* libPods-Attributor.a */ = {isa = PBXFileReference; explicitFileType = archive.ar; includeInIndex = 0; path = "libPods-Attributor.a"; sourceTree = BUILT_PRODUCTS_DIR; };
/* End PBXFileReference section */

/* Begin PBXFrameworksBuildPhase section */
		4A9ED4AE1A5281FB00FD06DD /* Frameworks */ = {
			isa = PBXFrameworksBuildPhase;
			buildActionMask = 2147483647;
			files = (
				4AAEAB401D451897009CBD0A /* libsqlite3.tbd in Frameworks */,
				4AAEAB3F1D45185B009CBD0A /* libz.tbd in Frameworks */,
				4AAEAB3D1D451740009CBD0A /* libstdc++.6.tbd in Frameworks */,
				E367FB90FA5BA99811DF2608 /* libPods-Attributor.a in Frameworks */,
			);
			runOnlyForDeploymentPostprocessing = 0;
		};
		4A9ED4C71A5281FB00FD06DD /* Frameworks */ = {
			isa = PBXFrameworksBuildPhase;
			buildActionMask = 2147483647;
			files = (
			);
			runOnlyForDeploymentPostprocessing = 0;
		};
/* End PBXFrameworksBuildPhase section */

/* Begin PBXGroup section */
		0940FB301DE1A913009F1DE5 /* View */ = {
			isa = PBXGroup;
			children = (
				0940FB311DE1AA35009F1DE5 /* TabBar */,
			);
			path = View;
			sourceTree = "<group>";
		};
		0940FB311DE1AA35009F1DE5 /* TabBar */ = {
			isa = PBXGroup;
			children = (
				0940FB321DE1AA46009F1DE5 /* TabBar.h */,
				0940FB331DE1AA46009F1DE5 /* TabBar.m */,
				0940FB361DE1AA77009F1DE5 /* TabBarItem.h */,
				0940FB371DE1AA77009F1DE5 /* TabBarItem.m */,
				0940FB3A1DE1AB97009F1DE5 /* BadgeView.h */,
				0940FB3B1DE1AB97009F1DE5 /* BadgeView.m */,
			);
			path = TabBar;
			sourceTree = "<group>";
		};
		0946D3641E59F54800E4943E /* AnyNetWork */ = {
			isa = PBXGroup;
			children = (
				0946D3761E59F59D00E4943E /* Plugin */,
				0946D3671E59F57300E4943E /* AnyNetwork.h */,
				0946D3661E59F55B00E4943E /* Core */,
			);
			path = AnyNetWork;
			sourceTree = "<group>";
		};
		0946D3661E59F55B00E4943E /* Core */ = {
			isa = PBXGroup;
			children = (
				0946D3681E59F58300E4943E /* ANConst.h */,
				0946D3691E59F58300E4943E /* ANError.h */,
				0946D36A1E59F58300E4943E /* ANError.m */,
				0946D36B1E59F58300E4943E /* ANManager.h */,
				0946D36C1E59F58300E4943E /* ANManager.m */,
				0946D36D1E59F58300E4943E /* ANProtocol.h */,
				0946D36E1E59F58300E4943E /* ANRequest.h */,
				0946D36F1E59F58300E4943E /* ANRequest.m */,
				0946D3701E59F58300E4943E /* ANResponse.h */,
				0946D3711E59F58300E4943E /* ANResponse.m */,
			);
			path = Core;
			sourceTree = "<group>";
		};
		0946D3761E59F59D00E4943E /* Plugin */ = {
			isa = PBXGroup;
			children = (
				0946D3771E59F5A900E4943E /* IBSDWebImagePlugin.h */,
				0946D3781E59F5A900E4943E /* IBSDWebImagePlugin.m */,
			);
			path = Plugin;
			sourceTree = "<group>";
		};
		098AA0F91E4CDBEB00693659 /* NetWork */ = {
			isa = PBXGroup;
			children = (
				0946D3641E59F54800E4943E /* AnyNetWork */,
			);
			path = NetWork;
			sourceTree = "<group>";
		};
		09C54FB61DCD8F5E00DECD18 /* Categoty */ = {
			isa = PBXGroup;
			children = (
				09C54FBF1DCD8FAA00DECD18 /* UIViewController+Additions.h */,
				09C54FC01DCD8FAA00DECD18 /* UIViewController+Additions.m */,
				0940FB3E1DE1B9A4009F1DE5 /* UIView+Additions.h */,
				0940FB3F1DE1B9A4009F1DE5 /* UIView+Additions.m */,
			);
			path = Categoty;
			sourceTree = "<group>";
		};
		09E216A81DCE1C2000C51D82 /* BRootViewControllers */ = {
			isa = PBXGroup;
			children = (
				0940FB2C1DE1A79B009F1DE5 /* IBMRootViewController.h */,
				0940FB2D1DE1A79B009F1DE5 /* IBMRootViewController.m */,
			);
			path = BRootViewControllers;
			sourceTree = "<group>";
		};
		09EB7FC21DCE05880094EC2B /* A */ = {
			isa = PBXGroup;
			children = (
				09EB7FC41DCE061E0094EC2B /* AUtils */,
				09EB7FC31DCE05C50094EC2B /* AControllers */,
			);
			path = A;
			sourceTree = "<group>";
		};
		09EB7FC31DCE05C50094EC2B /* AControllers */ = {
			isa = PBXGroup;
			children = (
				09EB7FD31DCE0D2A0094EC2B /* AHomeViewControllers */,
				09EB7FD21DCE0D050094EC2B /* ABaseViewControllers */,
			);
			path = AControllers;
			sourceTree = "<group>";
		};
		09EB7FC41DCE061E0094EC2B /* AUtils */ = {
			isa = PBXGroup;
			children = (
			);
			path = AUtils;
			sourceTree = "<group>";
		};
		09EB7FC51DCE06420094EC2B /* B */ = {
			isa = PBXGroup;
			children = (
				0940FB301DE1A913009F1DE5 /* View */,
				09EB7FC81DCE06990094EC2B /* BUtils */,
				09EB7FC61DCE067D0094EC2B /* BControllers */,
			);
			path = B;
			sourceTree = "<group>";
		};
		09EB7FC61DCE067D0094EC2B /* BControllers */ = {
			isa = PBXGroup;
			children = (
				09E216A81DCE1C2000C51D82 /* BRootViewControllers */,
				09EB7FD41DCE0EA40094EC2B /* BHomeViewControllers */,
				09EB7FC91DCE08CA0094EC2B /* BBaseViewControllers */,
			);
			path = BControllers;
			sourceTree = "<group>";
		};
		09EB7FC81DCE06990094EC2B /* BUtils */ = {
			isa = PBXGroup;
			children = (
			);
			path = BUtils;
			sourceTree = "<group>";
		};
		09EB7FC91DCE08CA0094EC2B /* BBaseViewControllers */ = {
			isa = PBXGroup;
			children = (
				09EB7FCA1DCE09320094EC2B /* BBaseViewControllers.h */,
				09EB7FCB1DCE09320094EC2B /* BBaseViewControllers.m */,
				09EB7FCE1DCE09720094EC2B /* BViewControllerProtocol.h */,
				0945B1291DE331240050782C /* BaseNavigationController.h */,
				0945B12A1DE331240050782C /* BaseNavigationController.m */,
			);
			path = BBaseViewControllers;
			sourceTree = "<group>";
		};
		09EB7FD21DCE0D050094EC2B /* ABaseViewControllers */ = {
			isa = PBXGroup;
			children = (
				09EB7FDD1DCE0F970094EC2B /* IBMBaseController.h */,
				09EB7FDE1DCE0F970094EC2B /* IBMBaseController.m */,
			);
			path = ABaseViewControllers;
			sourceTree = "<group>";
		};
		09EB7FD31DCE0D2A0094EC2B /* AHomeViewControllers */ = {
			isa = PBXGroup;
			children = (
				09EB7FD91DCE0F270094EC2B /* IBMHomeViewController.h */,
				09EB7FDA1DCE0F270094EC2B /* IBMHomeViewController.m */,
			);
			path = AHomeViewControllers;
			sourceTree = "<group>";
		};
		09EB7FD41DCE0EA40094EC2B /* BHomeViewControllers */ = {
			isa = PBXGroup;
			children = (
				09EB7FD51DCE0ED60094EC2B /* IBMHomeViewController1.h */,
				09EB7FD61DCE0ED60094EC2B /* IBMHomeViewController1.m */,
			);
			path = BHomeViewControllers;
			sourceTree = "<group>";
		};
		2B8602C0683C39DCAB9F54C0 /* Frameworks */ = {
			isa = PBXGroup;
			children = (
				4AAEAB3E1D45185B009CBD0A /* libz.tbd */,
				4AAEAB3C1D451740009CBD0A /* libstdc++.6.tbd */,
				4AAEAB3A1D451732009CBD0A /* libsqlite3.0.tbd */,
				4AAEAB381D4512E3009CBD0A /* libsqlite3.tbd */,
				FD880A8D5DBA73A85C4C57FE /* libPods-Attributor.a */,
			);
			name = Frameworks;
			sourceTree = "<group>";
		};
		4A0782F91D44BF3A007A2E64 /* StringUtil */ = {
			isa = PBXGroup;
			children = (
				4A0782FA1D44BF50007A2E64 /* IBMStringUtils.h */,
				4A0782FB1D44BF50007A2E64 /* IBMStringUtils.m */,
			);
			path = StringUtil;
			sourceTree = "<group>";
		};
		4A3BBE7C1C95802A000A349C /* Classes */ = {
			isa = PBXGroup;
			children = (
				098AA0F91E4CDBEB00693659 /* NetWork */,
				09EB7FC51DCE06420094EC2B /* B */,
				09EB7FC21DCE05880094EC2B /* A */,
				4A3BBE8D1C95A208000A349C /* Utils */,
				4A3BBE7D1C9581D9000A349C /* Controllers */,
			);
			path = Classes;
			sourceTree = "<group>";
		};
		4A3BBE7D1C9581D9000A349C /* Controllers */ = {
			isa = PBXGroup;
			children = (
				4A3BBE831C958AEB000A349C /* LoginControllers */,
			);
			path = Controllers;
			sourceTree = "<group>";
		};
		4A3BBE831C958AEB000A349C /* LoginControllers */ = {
			isa = PBXGroup;
			children = (
				4A3BBE841C958B2D000A349C /* IBMUserViewController.h */,
				4A3BBE851C958B2D000A349C /* IBMUserViewController.m */,
				4A3BBE861C958B2D000A349C /* IBMUserViewController.xib */,
			);
			path = LoginControllers;
			sourceTree = "<group>";
		};
		4A3BBE8D1C95A208000A349C /* Utils */ = {
			isa = PBXGroup;
			children = (
				09C54FB61DCD8F5E00DECD18 /* Categoty */,
				4AAEAB221D44C3FE009CBD0A /* StorageUtil */,
				4A0782F91D44BF3A007A2E64 /* StringUtil */,
				4A3BBE8E1C95A21A000A349C /* Constants.h */,
				4A3BBE8F1C95A21A000A349C /* Constants.m */,
				0964CBBE1DE5DBA700427436 /* AppMacros.h */,
			);
			path = Utils;
			sourceTree = "<group>";
		};
		4A9ED4A81A5281FB00FD06DD = {
			isa = PBXGroup;
			children = (
				4A9ED4B31A5281FB00FD06DD /* Attributor */,
				4A9ED4CD1A5281FB00FD06DD /* AttributorTests */,
				4A9ED4B21A5281FB00FD06DD /* Products */,
				2B8602C0683C39DCAB9F54C0 /* Frameworks */,
				9B29C6E6FE3341C62A941F82 /* Pods */,
			);
			sourceTree = "<group>";
		};
		4A9ED4B21A5281FB00FD06DD /* Products */ = {
			isa = PBXGroup;
			children = (
				4A9ED4B11A5281FB00FD06DD /* Attributor.app */,
				4A9ED4CA1A5281FB00FD06DD /* AttributorTests.xctest */,
			);
			name = Products;
			sourceTree = "<group>";
		};
		4A9ED4B31A5281FB00FD06DD /* Attributor */ = {
			isa = PBXGroup;
			children = (
				4A3BBE7C1C95802A000A349C /* Classes */,
				4A9ED4B81A5281FB00FD06DD /* AppDelegate.h */,
				4A9ED4B91A5281FB00FD06DD /* AppDelegate.m */,
				4A9ED4BE1A5281FB00FD06DD /* Main.storyboard */,
				4A9ED4C11A5281FB00FD06DD /* Images.xcassets */,
				4A9ED4C31A5281FB00FD06DD /* LaunchScreen.xib */,
				4A9ED4B41A5281FB00FD06DD /* Supporting Files */,
			);
			path = Attributor;
			sourceTree = "<group>";
		};
		4A9ED4B41A5281FB00FD06DD /* Supporting Files */ = {
			isa = PBXGroup;
			children = (
				4A9ED4B51A5281FB00FD06DD /* Info.plist */,
				4A9ED4B61A5281FB00FD06DD /* main.m */,
				4A3BBE821C9584C4000A349C /* PrefixHeader.pch */,
			);
			name = "Supporting Files";
			sourceTree = "<group>";
		};
		4A9ED4CD1A5281FB00FD06DD /* AttributorTests */ = {
			isa = PBXGroup;
			children = (
				4A9ED4D01A5281FB00FD06DD /* AttributorTests.m */,
				4A9ED4CE1A5281FB00FD06DD /* Supporting Files */,
			);
			path = AttributorTests;
			sourceTree = "<group>";
		};
		4A9ED4CE1A5281FB00FD06DD /* Supporting Files */ = {
			isa = PBXGroup;
			children = (
				4A9ED4CF1A5281FB00FD06DD /* Info.plist */,
			);
			name = "Supporting Files";
			sourceTree = "<group>";
		};
		4AAEAB221D44C3FE009CBD0A /* StorageUtil */ = {
			isa = PBXGroup;
			children = (
				4AAEAB231D44C411009CBD0A /* LKDBHelper.h */,
				4AAEAB241D44C411009CBD0A /* LKDBHelper.m */,
				4AAEAB261D44C630009CBD0A /* IBMModel.h */,
				4AAEAB271D44C630009CBD0A /* IBMModel.m */,
				4AAEAB291D450F99009CBD0A /* LKDBTranscationHelper.h */,
				4AAEAB2A1D450F99009CBD0A /* LKDBTranscationHelper.m */,
				4AAEAB2C1D450FDE009CBD0A /* IBMModel+LKDBTranscationHelper.h */,
				4AAEAB2D1D450FDE009CBD0A /* IBMModel+LKDBTranscationHelper.m */,
				4AAEAB2F1D45107D009CBD0A /* IBMModel+LKModel.h */,
				4AAEAB301D45107D009CBD0A /* IBMModel+LKModel.m */,
				4AAEAB321D4510EA009CBD0A /* LKDB+Mapping.h */,
				4AAEAB331D4510EA009CBD0A /* LKDB+Mapping.m */,
				4AAEAB351D451166009CBD0A /* LKDBUtils.h */,
				4AAEAB361D451166009CBD0A /* LKDBUtils.m */,
				4AD9A73E1D4F7D7A0097899B /* FMDatabaseQueue+Database.h */,
				4AD9A73F1D4F7D7A0097899B /* FMDatabaseQueue+Database.m */,
			);
			path = StorageUtil;
			sourceTree = "<group>";
		};
		9B29C6E6FE3341C62A941F82 /* Pods */ = {
			isa = PBXGroup;
			children = (
				A7277A4C87EC80A0EFB4443D /* Pods-Attributor.debug.xcconfig */,
				1CCCEA3C093AA1AEC066001E /* Pods-Attributor.release.xcconfig */,
			);
			name = Pods;
			sourceTree = "<group>";
		};
/* End PBXGroup section */

/* Begin PBXNativeTarget section */
		4A9ED4B01A5281FB00FD06DD /* Attributor */ = {
			isa = PBXNativeTarget;
			buildConfigurationList = 4A9ED4D41A5281FB00FD06DD /* Build configuration list for PBXNativeTarget "Attributor" */;
			buildPhases = (
				C5191077B05CE82905920C44 /* [CP] Check Pods Manifest.lock */,
				4A9ED4AD1A5281FB00FD06DD /* Sources */,
				4A9ED4AE1A5281FB00FD06DD /* Frameworks */,
				4A9ED4AF1A5281FB00FD06DD /* Resources */,
				7D1D468D9546533DE944DA72 /* [CP] Embed Pods Frameworks */,
				147AA5041A2E02B7FFF67E29 /* [CP] Copy Pods Resources */,
			);
			buildRules = (
			);
			dependencies = (
			);
			name = Attributor;
			productName = Attributor;
			productReference = 4A9ED4B11A5281FB00FD06DD /* Attributor.app */;
			productType = "com.apple.product-type.application";
		};
		4A9ED4C91A5281FB00FD06DD /* AttributorTests */ = {
			isa = PBXNativeTarget;
			buildConfigurationList = 4A9ED4D71A5281FB00FD06DD /* Build configuration list for PBXNativeTarget "AttributorTests" */;
			buildPhases = (
				4A9ED4C61A5281FB00FD06DD /* Sources */,
				4A9ED4C71A5281FB00FD06DD /* Frameworks */,
				4A9ED4C81A5281FB00FD06DD /* Resources */,
			);
			buildRules = (
			);
			dependencies = (
				4A9ED4CC1A5281FB00FD06DD /* PBXTargetDependency */,
			);
			name = AttributorTests;
			productName = AttributorTests;
			productReference = 4A9ED4CA1A5281FB00FD06DD /* AttributorTests.xctest */;
			productType = "com.apple.product-type.bundle.unit-test";
		};
/* End PBXNativeTarget section */

/* Begin PBXProject section */
		4A9ED4A91A5281FB00FD06DD /* Project object */ = {
			isa = PBXProject;
			attributes = {
				LastUpgradeCheck = 0610;
				ORGANIZATIONNAME = "张栋栋";
				TargetAttributes = {
					4A9ED4B01A5281FB00FD06DD = {
						CreatedOnToolsVersion = 6.1.1;
						DevelopmentTeam = 32D254HF98;
					};
					4A9ED4C91A5281FB00FD06DD = {
						CreatedOnToolsVersion = 6.1.1;
						TestTargetID = 4A9ED4B01A5281FB00FD06DD;
					};
				};
			};
			buildConfigurationList = 4A9ED4AC1A5281FB00FD06DD /* Build configuration list for PBXProject "Attributor" */;
			compatibilityVersion = "Xcode 3.2";
			developmentRegion = English;
			hasScannedForEncodings = 0;
			knownRegions = (
				en,
				Base,
			);
			mainGroup = 4A9ED4A81A5281FB00FD06DD;
			productRefGroup = 4A9ED4B21A5281FB00FD06DD /* Products */;
			projectDirPath = "";
			projectRoot = "";
			targets = (
				4A9ED4B01A5281FB00FD06DD /* Attributor */,
				4A9ED4C91A5281FB00FD06DD /* AttributorTests */,
			);
		};
/* End PBXProject section */

/* Begin PBXResourcesBuildPhase section */
		4A9ED4AF1A5281FB00FD06DD /* Resources */ = {
			isa = PBXResourcesBuildPhase;
			buildActionMask = 2147483647;
			files = (
				4A3BBE881C958B2D000A349C /* IBMUserViewController.xib in Resources */,
				4A9ED4C01A5281FB00FD06DD /* Main.storyboard in Resources */,
				4A9ED4C51A5281FB00FD06DD /* LaunchScreen.xib in Resources */,
				4A9ED4C21A5281FB00FD06DD /* Images.xcassets in Resources */,
			);
			runOnlyForDeploymentPostprocessing = 0;
		};
		4A9ED4C81A5281FB00FD06DD /* Resources */ = {
			isa = PBXResourcesBuildPhase;
			buildActionMask = 2147483647;
			files = (
			);
			runOnlyForDeploymentPostprocessing = 0;
		};
/* End PBXResourcesBuildPhase section */

/* Begin PBXShellScriptBuildPhase section */
		147AA5041A2E02B7FFF67E29 /* [CP] Copy Pods Resources */ = {
			isa = PBXShellScriptBuildPhase;
			buildActionMask = 2147483647;
			files = (
			);
			inputPaths = (
			);
			name = "[CP] Copy Pods Resources";
			outputPaths = (
			);
			runOnlyForDeploymentPostprocessing = 0;
			shellPath = /bin/sh;
			shellScript = "\"${SRCROOT}/Pods/Target Support Files/Pods-Attributor/Pods-Attributor-resources.sh\"\n";
			showEnvVarsInLog = 0;
		};
		7D1D468D9546533DE944DA72 /* [CP] Embed Pods Frameworks */ = {
			isa = PBXShellScriptBuildPhase;
			buildActionMask = 2147483647;
			files = (
			);
			inputPaths = (
			);
			name = "[CP] Embed Pods Frameworks";
			outputPaths = (
			);
			runOnlyForDeploymentPostprocessing = 0;
			shellPath = /bin/sh;
			shellScript = "\"${SRCROOT}/Pods/Target Support Files/Pods-Attributor/Pods-Attributor-frameworks.sh\"\n";
			showEnvVarsInLog = 0;
		};
		C5191077B05CE82905920C44 /* [CP] Check Pods Manifest.lock */ = {
			isa = PBXShellScriptBuildPhase;
			buildActionMask = 2147483647;
			files = (
			);
			inputPaths = (
			);
			name = "[CP] Check Pods Manifest.lock";
			outputPaths = (
			);
			runOnlyForDeploymentPostprocessing = 0;
			shellPath = /bin/sh;
			shellScript = "diff \"${PODS_ROOT}/../Podfile.lock\" \"${PODS_ROOT}/Manifest.lock\" > /dev/null\nif [ $? != 0 ] ; then\n    # print error to STDERR\n    echo \"error: The sandbox is not in sync with the Podfile.lock. Run 'pod install' or update your CocoaPods installation.\" >&2\n    exit 1\nfi\n";
			showEnvVarsInLog = 0;
		};
/* End PBXShellScriptBuildPhase section */

/* Begin PBXSourcesBuildPhase section */
		4A9ED4AD1A5281FB00FD06DD /* Sources */ = {
			isa = PBXSourcesBuildPhase;
			buildActionMask = 2147483647;
			files = (
				09C54FC11DCD8FAA00DECD18 /* UIViewController+Additions.m in Sources */,
				09EB7FD71DCE0ED60094EC2B /* IBMHomeViewController1.m in Sources */,
				09EB7FDB1DCE0F270094EC2B /* IBMHomeViewController.m in Sources */,
				4AAEAB281D44C630009CBD0A /* IBMModel.m in Sources */,
				09EB7FDF1DCE0F970094EC2B /* IBMBaseController.m in Sources */,
				0946D3791E59F5A900E4943E /* IBSDWebImagePlugin.m in Sources */,
				0940FB401DE1B9A4009F1DE5 /* UIView+Additions.m in Sources */,
				0946D3731E59F58300E4943E /* ANManager.m in Sources */,
				0940FB2E1DE1A79B009F1DE5 /* IBMRootViewController.m in Sources */,
				09EB7FCC1DCE09320094EC2B /* BBaseViewControllers.m in Sources */,
				0946D3751E59F58300E4943E /* ANResponse.m in Sources */,
				4AAEAB2B1D450F99009CBD0A /* LKDBTranscationHelper.m in Sources */,
				4AD9A7401D4F7D7A0097899B /* FMDatabaseQueue+Database.m in Sources */,
				4A3BBE871C958B2D000A349C /* IBMUserViewController.m in Sources */,
				4A9ED4BA1A5281FB00FD06DD /* AppDelegate.m in Sources */,
				4AAEAB371D451166009CBD0A /* LKDBUtils.m in Sources */,
				4AAEAB311D45107D009CBD0A /* IBMModel+LKModel.m in Sources */,
				0940FB381DE1AA77009F1DE5 /* TabBarItem.m in Sources */,
				0946D3721E59F58300E4943E /* ANError.m in Sources */,
				4AAEAB341D4510EA009CBD0A /* LKDB+Mapping.m in Sources */,
				4A9ED4B71A5281FB00FD06DD /* main.m in Sources */,
				0940FB341DE1AA46009F1DE5 /* TabBar.m in Sources */,
				4A3BBE901C95A21A000A349C /* Constants.m in Sources */,
				4AAEAB2E1D450FDE009CBD0A /* IBMModel+LKDBTranscationHelper.m in Sources */,
				0945B12B1DE331240050782C /* BaseNavigationController.m in Sources */,
				4AAEAB251D44C411009CBD0A /* LKDBHelper.m in Sources */,
				0946D3741E59F58300E4943E /* ANRequest.m in Sources */,
				0940FB3C1DE1AB97009F1DE5 /* BadgeView.m in Sources */,
				4A0782FC1D44BF50007A2E64 /* IBMStringUtils.m in Sources */,
			);
			runOnlyForDeploymentPostprocessing = 0;
		};
		4A9ED4C61A5281FB00FD06DD /* Sources */ = {
			isa = PBXSourcesBuildPhase;
			buildActionMask = 2147483647;
			files = (
				09EB7FE01DCE0F970094EC2B /* IBMBaseController.m in Sources */,
				09EB7FDC1DCE0F270094EC2B /* IBMHomeViewController.m in Sources */,
				0940FB391DE1AA77009F1DE5 /* TabBarItem.m in Sources */,
				09EB7FD81DCE0ED60094EC2B /* IBMHomeViewController1.m in Sources */,
				0940FB3D1DE1AB97009F1DE5 /* BadgeView.m in Sources */,
				09EB7FCD1DCE09320094EC2B /* BBaseViewControllers.m in Sources */,
				0940FB351DE1AA46009F1DE5 /* TabBar.m in Sources */,
				09C54FC21DCD8FAA00DECD18 /* UIViewController+Additions.m in Sources */,
				0940FB411DE1B9A4009F1DE5 /* UIView+Additions.m in Sources */,
				4A9ED4D11A5281FB00FD06DD /* AttributorTests.m in Sources */,
			);
			runOnlyForDeploymentPostprocessing = 0;
		};
/* End PBXSourcesBuildPhase section */

/* Begin PBXTargetDependency section */
		4A9ED4CC1A5281FB00FD06DD /* PBXTargetDependency */ = {
			isa = PBXTargetDependency;
			target = 4A9ED4B01A5281FB00FD06DD /* Attributor */;
			targetProxy = 4A9ED4CB1A5281FB00FD06DD /* PBXContainerItemProxy */;
		};
/* End PBXTargetDependency section */

/* Begin PBXVariantGroup section */
		4A9ED4BE1A5281FB00FD06DD /* Main.storyboard */ = {
			isa = PBXVariantGroup;
			children = (
				4A9ED4BF1A5281FB00FD06DD /* Base */,
			);
			name = Main.storyboard;
			sourceTree = "<group>";
		};
		4A9ED4C31A5281FB00FD06DD /* LaunchScreen.xib */ = {
			isa = PBXVariantGroup;
			children = (
				4A9ED4C41A5281FB00FD06DD /* Base */,
			);
			name = LaunchScreen.xib;
			sourceTree = "<group>";
		};
/* End PBXVariantGroup section */

/* Begin XCBuildConfiguration section */
		4A9ED4D21A5281FB00FD06DD /* Debug */ = {
			isa = XCBuildConfiguration;
			buildSettings = {
				ALWAYS_SEARCH_USER_PATHS = NO;
				CLANG_CXX_LANGUAGE_STANDARD = "gnu++0x";
				CLANG_CXX_LIBRARY = "libc++";
				CLANG_ENABLE_MODULES = YES;
				CLANG_ENABLE_OBJC_ARC = YES;
				CLANG_WARN_BOOL_CONVERSION = YES;
				CLANG_WARN_CONSTANT_CONVERSION = YES;
				CLANG_WARN_DIRECT_OBJC_ISA_USAGE = YES_ERROR;
				CLANG_WARN_EMPTY_BODY = YES;
				CLANG_WARN_ENUM_CONVERSION = YES;
				CLANG_WARN_INT_CONVERSION = YES;
				CLANG_WARN_OBJC_ROOT_CLASS = YES_ERROR;
				CLANG_WARN_UNREACHABLE_CODE = YES;
				CLANG_WARN__DUPLICATE_METHOD_MATCH = YES;
				"CODE_SIGN_IDENTITY[sdk=iphoneos*]" = "iPhone Developer";
				COPY_PHASE_STRIP = NO;
				ENABLE_STRICT_OBJC_MSGSEND = YES;
				GCC_C_LANGUAGE_STANDARD = gnu99;
				GCC_DYNAMIC_NO_PIC = NO;
				GCC_OPTIMIZATION_LEVEL = 0;
				GCC_PREPROCESSOR_DEFINITIONS = (
					"DEBUG=1",
					"$(inherited)",
				);
				GCC_SYMBOLS_PRIVATE_EXTERN = NO;
				GCC_WARN_64_TO_32_BIT_CONVERSION = YES;
				GCC_WARN_ABOUT_RETURN_TYPE = YES_ERROR;
				GCC_WARN_UNDECLARED_SELECTOR = YES;
				GCC_WARN_UNINITIALIZED_AUTOS = YES_AGGRESSIVE;
				GCC_WARN_UNUSED_FUNCTION = YES;
				GCC_WARN_UNUSED_VARIABLE = YES;
				IPHONEOS_DEPLOYMENT_TARGET = 8.1;
				MTL_ENABLE_DEBUG_INFO = YES;
				ONLY_ACTIVE_ARCH = YES;
				SDKROOT = iphoneos;
			};
			name = Debug;
		};
		4A9ED4D31A5281FB00FD06DD /* Release */ = {
			isa = XCBuildConfiguration;
			buildSettings = {
				ALWAYS_SEARCH_USER_PATHS = NO;
				CLANG_CXX_LANGUAGE_STANDARD = "gnu++0x";
				CLANG_CXX_LIBRARY = "libc++";
				CLANG_ENABLE_MODULES = YES;
				CLANG_ENABLE_OBJC_ARC = YES;
				CLANG_WARN_BOOL_CONVERSION = YES;
				CLANG_WARN_CONSTANT_CONVERSION = YES;
				CLANG_WARN_DIRECT_OBJC_ISA_USAGE = YES_ERROR;
				CLANG_WARN_EMPTY_BODY = YES;
				CLANG_WARN_ENUM_CONVERSION = YES;
				CLANG_WARN_INT_CONVERSION = YES;
				CLANG_WARN_OBJC_ROOT_CLASS = YES_ERROR;
				CLANG_WARN_UNREACHABLE_CODE = YES;
				CLANG_WARN__DUPLICATE_METHOD_MATCH = YES;
				"CODE_SIGN_IDENTITY[sdk=iphoneos*]" = "iPhone Developer";
				COPY_PHASE_STRIP = YES;
				ENABLE_NS_ASSERTIONS = NO;
				ENABLE_STRICT_OBJC_MSGSEND = YES;
				GCC_C_LANGUAGE_STANDARD = gnu99;
				GCC_WARN_64_TO_32_BIT_CONVERSION = YES;
				GCC_WARN_ABOUT_RETURN_TYPE = YES_ERROR;
				GCC_WARN_UNDECLARED_SELECTOR = YES;
				GCC_WARN_UNINITIALIZED_AUTOS = YES_AGGRESSIVE;
				GCC_WARN_UNUSED_FUNCTION = YES;
				GCC_WARN_UNUSED_VARIABLE = YES;
				IPHONEOS_DEPLOYMENT_TARGET = 8.1;
				MTL_ENABLE_DEBUG_INFO = NO;
				SDKROOT = iphoneos;
				VALIDATE_PRODUCT = YES;
			};
			name = Release;
		};
		4A9ED4D51A5281FB00FD06DD /* Debug */ = {
			isa = XCBuildConfiguration;
			baseConfigurationReference = A7277A4C87EC80A0EFB4443D /* Pods-Attributor.debug.xcconfig */;
			buildSettings = {
				ASSETCATALOG_COMPILER_APPICON_NAME = AppIcon;
				DEVELOPMENT_TEAM = 32D254HF98;
				ENABLE_BITCODE = NO;
				GCC_PRECOMPILE_PREFIX_HEADER = YES;
				GCC_PREFIX_HEADER = Attributor/PrefixHeader.pch;
				INFOPLIST_FILE = Attributor/Info.plist;
				IPHONEOS_DEPLOYMENT_TARGET = 6.0;
				LD_RUNPATH_SEARCH_PATHS = "$(inherited) @executable_path/Frameworks";
				ONLY_ACTIVE_ARCH = YES;
				PRODUCT_NAME = "$(TARGET_NAME)";
				VALID_ARCHS = "arm64 armv7 armv7s";
			};
			name = Debug;
		};
		4A9ED4D61A5281FB00FD06DD /* Release */ = {
			isa = XCBuildConfiguration;
			baseConfigurationReference = 1CCCEA3C093AA1AEC066001E /* Pods-Attributor.release.xcconfig */;
			buildSettings = {
				ASSETCATALOG_COMPILER_APPICON_NAME = AppIcon;
				DEVELOPMENT_TEAM = 32D254HF98;
				ENABLE_BITCODE = NO;
				GCC_PRECOMPILE_PREFIX_HEADER = YES;
				GCC_PREFIX_HEADER = Attributor/PrefixHeader.pch;
				INFOPLIST_FILE = Attributor/Info.plist;
				IPHONEOS_DEPLOYMENT_TARGET = 6.0;
				LD_RUNPATH_SEARCH_PATHS = "$(inherited) @executable_path/Frameworks";
				ONLY_ACTIVE_ARCH = NO;
				PRODUCT_NAME = "$(TARGET_NAME)";
				VALID_ARCHS = "arm64 armv7 armv7s";
			};
			name = Release;
		};
		4A9ED4D81A5281FB00FD06DD /* Debug */ = {
			isa = XCBuildConfiguration;
			buildSettings = {
				BUNDLE_LOADER = "$(TEST_HOST)";
				FRAMEWORK_SEARCH_PATHS = (
					"$(SDKROOT)/Developer/Library/Frameworks",
					"$(inherited)",
				);
				GCC_PREPROCESSOR_DEFINITIONS = (
					"DEBUG=1",
					"$(inherited)",
				);
				INFOPLIST_FILE = AttributorTests/Info.plist;
				LD_RUNPATH_SEARCH_PATHS = "$(inherited) @executable_path/Frameworks @loader_path/Frameworks";
				PRODUCT_NAME = "$(TARGET_NAME)";
				TEST_HOST = "$(BUILT_PRODUCTS_DIR)/Attributor.app/Attributor";
			};
			name = Debug;
		};
		4A9ED4D91A5281FB00FD06DD /* Release */ = {
			isa = XCBuildConfiguration;
			buildSettings = {
				BUNDLE_LOADER = "$(TEST_HOST)";
				FRAMEWORK_SEARCH_PATHS = (
					"$(SDKROOT)/Developer/Library/Frameworks",
					"$(inherited)",
				);
				INFOPLIST_FILE = AttributorTests/Info.plist;
				LD_RUNPATH_SEARCH_PATHS = "$(inherited) @executable_path/Frameworks @loader_path/Frameworks";
				PRODUCT_NAME = "$(TARGET_NAME)";
				TEST_HOST = "$(BUILT_PRODUCTS_DIR)/Attributor.app/Attributor";
			};
			name = Release;
		};
/* End XCBuildConfiguration section */

/* Begin XCConfigurationList section */
		4A9ED4AC1A5281FB00FD06DD /* Build configuration list for PBXProject "Attributor" */ = {
			isa = XCConfigurationList;
			buildConfigurations = (
				4A9ED4D21A5281FB00FD06DD /* Debug */,
				4A9ED4D31A5281FB00FD06DD /* Release */,
			);
			defaultConfigurationIsVisible = 0;
			defaultConfigurationName = Release;
		};
		4A9ED4D41A5281FB00FD06DD /* Build configuration list for PBXNativeTarget "Attributor" */ = {
			isa = XCConfigurationList;
			buildConfigurations = (
				4A9ED4D51A5281FB00FD06DD /* Debug */,
				4A9ED4D61A5281FB00FD06DD /* Release */,
			);
			defaultConfigurationIsVisible = 0;
			defaultConfigurationName = Release;
		};
		4A9ED4D71A5281FB00FD06DD /* Build configuration list for PBXNativeTarget "AttributorTests" */ = {
			isa = XCConfigurationList;
			buildConfigurations = (
				4A9ED4D81A5281FB00FD06DD /* Debug */,
				4A9ED4D91A5281FB00FD06DD /* Release */,
			);
			defaultConfigurationIsVisible = 0;
			defaultConfigurationName = Release;
		};
/* End XCConfigurationList section */
	};
	rootObject = 4A9ED4A91A5281FB00FD06DD /* Project object */;
}
